{
  "meteor": {},
  "dependencies": {
    "basePackages": {
      "medium-editor-updated": {},
      "font-awesome-4-less": {},
      "typeahead": {},
      "iron-router": {},
      "jquery-ui-sortable": {}
    },
    "packages": {
      "medium-editor-updated": {
        "git": "https://github.com/donflopez/meteor-medium-editor.git",
        "tag": "v1.2.0",
        "commit": "6d2f34b560b2682341aae23fc78251ccea504cd8"
      },
      "font-awesome-4-less": {
        "git": "https://github.com/svub/fontawesome4-less.git",
        "tag": "v4.3.7",
        "commit": "21f60350cd238fb7053132f42409a3090f76939e"
      },
      "typeahead": {
        "git": "https://github.com/sergeyt/meteor-typeahead.git",
        "tag": "v0.0.9",
        "commit": "6aa2228a7cc93e89e94520bd60f1af4e7542dfcf"
      },
      "iron-router": {
        "git": "https://github.com/EventedMind/iron-router.git",
        "tag": "v0.7.1",
        "commit": "d1ffb3f06ea4c112132b030f2eb1a70b81675ecb"
      },
      "jquery-ui-sortable": {
        "git": "https://github.com/rgm/meteor-jquery-ui-sortable.git",
        "tag": "v1.10.3",
        "commit": "4423bd4b28cd81df91400a6bcb2a3d82e72894dc"
      },
      "blaze-layout": {
        "git": "https://github.com/EventedMind/blaze-layout.git",
        "tag": "v0.2.4",
        "commit": "b40e9b0612329288d75cf52ad14a7da64bb8618f"
      }
    }
  }
}
