{
  "meteor": {},
  "dependencies": {
    "basePackages": {
      "medium-editor-updated": {},
      "font-awesome-4-less": {},
      "typeahead": {}
    },
    "packages": {
      "medium-editor-updated": {
        "git": "https://github.com/donflopez/meteor-medium-editor.git",
        "tag": "v1.2.0",
        "commit": "6d2f34b560b2682341aae23fc78251ccea504cd8"
      },
      "font-awesome-4-less": {
        "git": "https://github.com/svub/fontawesome4-less.git",
        "tag": "v4.3.7",
        "commit": "21f60350cd238fb7053132f42409a3090f76939e"
      },
      "typeahead": {
        "git": "https://github.com/sergeyt/meteor-typeahead.git",
        "tag": "v0.0.9",
        "commit": "6aa2228a7cc93e89e94520bd60f1af4e7542dfcf"
      }
    }
  }
}
